// !$*UTF8*$!
{
	archiveVersion = 1;
	classes = {
	};
	objectVersion = 56;
	objects = {

/* Begin PBXBuildFile section */
		3B06E10029C25BFD003F6FE5 /* FirstModuleBuilder.swift in Sources */ = {isa = PBXBuildFile; fileRef = 3B06E0FF29C25BFD003F6FE5 /* FirstModuleBuilder.swift */; };
		3B06E10229C25C0E003F6FE5 /* SecondModuleBuilder.swift in Sources */ = {isa = PBXBuildFile; fileRef = 3B06E10129C25C0E003F6FE5 /* SecondModuleBuilder.swift */; };
		3B06E10429C25C1B003F6FE5 /* Presenter.swift in Sources */ = {isa = PBXBuildFile; fileRef = 3B06E10329C25C1B003F6FE5 /* Presenter.swift */; };
		3B06E10629C25C24003F6FE5 /* Router.swift in Sources */ = {isa = PBXBuildFile; fileRef = 3B06E10529C25C24003F6FE5 /* Router.swift */; };
		3B06E10829C25C56003F6FE5 /* SecondViewController.swift in Sources */ = {isa = PBXBuildFile; fileRef = 3B06E10729C25C56003F6FE5 /* SecondViewController.swift */; };
		3B06E11029C33775003F6FE5 /* CustomCell.swift in Sources */ = {isa = PBXBuildFile; fileRef = 3B06E10F29C33775003F6FE5 /* CustomCell.swift */; };
		3B40607129BF787D0041D9C8 /* AppDelegate.swift in Sources */ = {isa = PBXBuildFile; fileRef = 3B40607029BF787D0041D9C8 /* AppDelegate.swift */; };
		3B40607329BF787D0041D9C8 /* SceneDelegate.swift in Sources */ = {isa = PBXBuildFile; fileRef = 3B40607229BF787D0041D9C8 /* SceneDelegate.swift */; };
		3B40607529BF787D0041D9C8 /* FirstViewController.swift in Sources */ = {isa = PBXBuildFile; fileRef = 3B40607429BF787D0041D9C8 /* FirstViewController.swift */; };
		3B40607829BF787D0041D9C8 /* Main.storyboard in Resources */ = {isa = PBXBuildFile; fileRef = 3B40607629BF787D0041D9C8 /* Main.storyboard */; };
		3B40607A29BF787F0041D9C8 /* Assets.xcassets in Resources */ = {isa = PBXBuildFile; fileRef = 3B40607929BF787F0041D9C8 /* Assets.xcassets */; };
		3B40607D29BF787F0041D9C8 /* LaunchScreen.storyboard in Resources */ = {isa = PBXBuildFile; fileRef = 3B40607B29BF787F0041D9C8 /* LaunchScreen.storyboard */; };
		3B40608529BF7C5E0041D9C8 /* Model.swift in Sources */ = {isa = PBXBuildFile; fileRef = 3B40608429BF7C5E0041D9C8 /* Model.swift */; };
/* End PBXBuildFile section */

/* Begin PBXFileReference section */
		3B06E0FF29C25BFD003F6FE5 /* FirstModuleBuilder.swift */ = {isa = PBXFileReference; lastKnownFileType = sourcecode.swift; path = FirstModuleBuilder.swift; sourceTree = "<group>"; };
		3B06E10129C25C0E003F6FE5 /* SecondModuleBuilder.swift */ = {isa = PBXFileReference; lastKnownFileType = sourcecode.swift; path = SecondModuleBuilder.swift; sourceTree = "<group>"; };
		3B06E10329C25C1B003F6FE5 /* Presenter.swift */ = {isa = PBXFileReference; lastKnownFileType = sourcecode.swift; path = Presenter.swift; sourceTree = "<group>"; };
		3B06E10529C25C24003F6FE5 /* Router.swift */ = {isa = PBXFileReference; lastKnownFileType = sourcecode.swift; path = Router.swift; sourceTree = "<group>"; };
		3B06E10729C25C56003F6FE5 /* SecondViewController.swift */ = {isa = PBXFileReference; lastKnownFileType = sourcecode.swift; path = SecondViewController.swift; sourceTree = "<group>"; };
		3B06E10F29C33775003F6FE5 /* CustomCell.swift */ = {isa = PBXFileReference; lastKnownFileType = sourcecode.swift; path = CustomCell.swift; sourceTree = "<group>"; };
		3B40606D29BF787D0041D9C8 /* weather app.app */ = {isa = PBXFileReference; explicitFileType = wrapper.application; includeInIndex = 0; path = "weather app.app"; sourceTree = BUILT_PRODUCTS_DIR; };
		3B40607029BF787D0041D9C8 /* AppDelegate.swift */ = {isa = PBXFileReference; lastKnownFileType = sourcecode.swift; path = AppDelegate.swift; sourceTree = "<group>"; };
		3B40607229BF787D0041D9C8 /* SceneDelegate.swift */ = {isa = PBXFileReference; lastKnownFileType = sourcecode.swift; path = SceneDelegate.swift; sourceTree = "<group>"; };
		3B40607429BF787D0041D9C8 /* FirstViewController.swift */ = {isa = PBXFileReference; lastKnownFileType = sourcecode.swift; path = FirstViewController.swift; sourceTree = "<group>"; };
		3B40607729BF787D0041D9C8 /* Base */ = {isa = PBXFileReference; lastKnownFileType = file.storyboard; name = Base; path = Base.lproj/Main.storyboard; sourceTree = "<group>"; };
		3B40607929BF787F0041D9C8 /* Assets.xcassets */ = {isa = PBXFileReference; lastKnownFileType = folder.assetcatalog; path = Assets.xcassets; sourceTree = "<group>"; };
		3B40607C29BF787F0041D9C8 /* Base */ = {isa = PBXFileReference; lastKnownFileType = file.storyboard; name = Base; path = Base.lproj/LaunchScreen.storyboard; sourceTree = "<group>"; };
		3B40607E29BF787F0041D9C8 /* Info.plist */ = {isa = PBXFileReference; lastKnownFileType = text.plist.xml; path = Info.plist; sourceTree = "<group>"; };
		3B40608429BF7C5E0041D9C8 /* Model.swift */ = {isa = PBXFileReference; lastKnownFileType = sourcecode.swift; path = Model.swift; sourceTree = "<group>"; };
/* End PBXFileReference section */

/* Begin PBXFrameworksBuildPhase section */
		3B40606A29BF787D0041D9C8 /* Frameworks */ = {
			isa = PBXFrameworksBuildPhase;
			buildActionMask = 2147483647;
			files = (
			);
			runOnlyForDeploymentPostprocessing = 0;
		};
/* End PBXFrameworksBuildPhase section */

/* Begin PBXGroup section */
		3B06E10929C260C3003F6FE5 /* Main Screen */ = {
			isa = PBXGroup;
			children = (
				3B40607429BF787D0041D9C8 /* FirstViewController.swift */,
				3B06E0FF29C25BFD003F6FE5 /* FirstModuleBuilder.swift */,
			);
			path = "Main Screen";
			sourceTree = "<group>";
		};
		3B06E10A29C260D4003F6FE5 /* Detailed Screen */ = {
			isa = PBXGroup;
			children = (
				3B06E10729C25C56003F6FE5 /* SecondViewController.swift */,
				3B06E10129C25C0E003F6FE5 /* SecondModuleBuilder.swift */,
			);
			path = "Detailed Screen";
			sourceTree = "<group>";
		};
		3B06E10B29C260E8003F6FE5 /* App */ = {
			isa = PBXGroup;
			children = (
				3B40607029BF787D0041D9C8 /* AppDelegate.swift */,
				3B40607229BF787D0041D9C8 /* SceneDelegate.swift */,
			);
			path = App;
			sourceTree = "<group>";
		};
		3B06E10C29C260F7003F6FE5 /* Model */ = {
			isa = PBXGroup;
			children = (
				3B40608429BF7C5E0041D9C8 /* Model.swift */,
			);
			path = Model;
			sourceTree = "<group>";
		};
		3B06E10D29C26127003F6FE5 /* Presenter */ = {
			isa = PBXGroup;
			children = (
				3B06E10329C25C1B003F6FE5 /* Presenter.swift */,
			);
			path = Presenter;
			sourceTree = "<group>";
		};
		3B06E10E29C2612E003F6FE5 /* Router */ = {
			isa = PBXGroup;
			children = (
				3B06E10529C25C24003F6FE5 /* Router.swift */,
			);
			path = Router;
			sourceTree = "<group>";
		};
		3B06E11129C35753003F6FE5 /* Custom Items */ = {
			isa = PBXGroup;
			children = (
				3B06E10F29C33775003F6FE5 /* CustomCell.swift */,
			);
			path = "Custom Items";
			sourceTree = "<group>";
		};
		3B40606429BF787D0041D9C8 = {
			isa = PBXGroup;
			children = (
				3B40606F29BF787D0041D9C8 /* weather app */,
				3B40606E29BF787D0041D9C8 /* Products */,
			);
			sourceTree = "<group>";
		};
		3B40606E29BF787D0041D9C8 /* Products */ = {
			isa = PBXGroup;
			children = (
				3B40606D29BF787D0041D9C8 /* weather app.app */,
			);
			name = Products;
			sourceTree = "<group>";
		};
		3B40606F29BF787D0041D9C8 /* weather app */ = {
			isa = PBXGroup;
			children = (
				3B06E10929C260C3003F6FE5 /* Main Screen */,
				3B06E10A29C260D4003F6FE5 /* Detailed Screen */,
				3B06E10E29C2612E003F6FE5 /* Router */,
				3B06E10D29C26127003F6FE5 /* Presenter */,
				3B06E10C29C260F7003F6FE5 /* Model */,
				3B06E10B29C260E8003F6FE5 /* App */,
				3B06E11129C35753003F6FE5 /* Custom Items */,
				3B40607629BF787D0041D9C8 /* Main.storyboard */,
				3B40607929BF787F0041D9C8 /* Assets.xcassets */,
				3B40607B29BF787F0041D9C8 /* LaunchScreen.storyboard */,
				3B40607E29BF787F0041D9C8 /* Info.plist */,
			);
			path = "weather app";
			sourceTree = "<group>";
		};
/* End PBXGroup section */

/* Begin PBXNativeTarget section */
		3B40606C29BF787D0041D9C8 /* weather app */ = {
			isa = PBXNativeTarget;
			buildConfigurationList = 3B40608129BF787F0041D9C8 /* Build configuration list for PBXNativeTarget "weather app" */;
			buildPhases = (
				3B40606929BF787D0041D9C8 /* Sources */,
				3B40606A29BF787D0041D9C8 /* Frameworks */,
				3B40606B29BF787D0041D9C8 /* Resources */,
			);
			buildRules = (
			);
			dependencies = (
			);
			name = "weather app";
			productName = "weather app";
			productReference = 3B40606D29BF787D0041D9C8 /* weather app.app */;
			productType = "com.apple.product-type.application";
		};
/* End PBXNativeTarget section */

/* Begin PBXProject section */
		3B40606529BF787D0041D9C8 /* Project object */ = {
			isa = PBXProject;
			attributes = {
				BuildIndependentTargetsInParallel = 1;
				LastSwiftUpdateCheck = 1420;
				LastUpgradeCheck = 1420;
				TargetAttributes = {
					3B40606C29BF787D0041D9C8 = {
						CreatedOnToolsVersion = 14.2;
					};
				};
			};
			buildConfigurationList = 3B40606829BF787D0041D9C8 /* Build configuration list for PBXProject "weather app" */;
			compatibilityVersion = "Xcode 14.0";
			developmentRegion = en;
			hasScannedForEncodings = 0;
			knownRegions = (
				en,
				Base,
			);
			mainGroup = 3B40606429BF787D0041D9C8;
			productRefGroup = 3B40606E29BF787D0041D9C8 /* Products */;
			projectDirPath = "";
			projectRoot = "";
			targets = (
				3B40606C29BF787D0041D9C8 /* weather app */,
			);
		};
/* End PBXProject section */

/* Begin PBXResourcesBuildPhase section */
		3B40606B29BF787D0041D9C8 /* Resources */ = {
			isa = PBXResourcesBuildPhase;
			buildActionMask = 2147483647;
			files = (
				3B40607D29BF787F0041D9C8 /* LaunchScreen.storyboard in Resources */,
				3B40607A29BF787F0041D9C8 /* Assets.xcassets in Resources */,
				3B40607829BF787D0041D9C8 /* Main.storyboard in Resources */,
			);
			runOnlyForDeploymentPostprocessing = 0;
		};
/* End PBXResourcesBuildPhase section */

/* Begin PBXSourcesBuildPhase section */
		3B40606929BF787D0041D9C8 /* Sources */ = {
			isa = PBXSourcesBuildPhase;
			buildActionMask = 2147483647;
			files = (
				3B06E10629C25C24003F6FE5 /* Router.swift in Sources */,
				3B40607529BF787D0041D9C8 /* FirstViewController.swift in Sources */,
				3B06E11029C33775003F6FE5 /* CustomCell.swift in Sources */,
				3B06E10429C25C1B003F6FE5 /* Presenter.swift in Sources */,
				3B06E10829C25C56003F6FE5 /* SecondViewController.swift in Sources */,
				3B06E10229C25C0E003F6FE5 /* SecondModuleBuilder.swift in Sources */,
				3B06E10029C25BFD003F6FE5 /* FirstModuleBuilder.swift in Sources */,
				3B40607129BF787D0041D9C8 /* AppDelegate.swift in Sources */,
				3B40607329BF787D0041D9C8 /* SceneDelegate.swift in Sources */,
				3B40608529BF7C5E0041D9C8 /* Model.swift in Sources */,
			);
			runOnlyForDeploymentPostprocessing = 0;
		};
/* End PBXSourcesBuildPhase section */

/* Begin PBXVariantGroup section */
		3B40607629BF787D0041D9C8 /* Main.storyboard */ = {
			isa = PBXVariantGroup;
			children = (
				3B40607729BF787D0041D9C8 /* Base */,
			);
			name = Main.storyboard;
			sourceTree = "<group>";
		};
		3B40607B29BF787F0041D9C8 /* LaunchScreen.storyboard */ = {
			isa = PBXVariantGroup;
			children = (
				3B40607C29BF787F0041D9C8 /* Base */,
			);
			name = LaunchScreen.storyboard;
			sourceTree = "<group>";
		};
/* End PBXVariantGroup section */

/* Begin XCBuildConfiguration section */
		3B40607F29BF787F0041D9C8 /* Debug */ = {
			isa = XCBuildConfiguration;
			buildSettings = {
				ALWAYS_SEARCH_USER_PATHS = NO;
				CLANG_ANALYZER_NONNULL = YES;
				CLANG_ANALYZER_NUMBER_OBJECT_CONVERSION = YES_AGGRESSIVE;
				CLANG_CXX_LANGUAGE_STANDARD = "gnu++20";
				CLANG_ENABLE_MODULES = YES;
				CLANG_ENABLE_OBJC_ARC = YES;
				CLANG_ENABLE_OBJC_WEAK = YES;
				CLANG_WARN_BLOCK_CAPTURE_AUTORELEASING = YES;
				CLANG_WARN_BOOL_CONVERSION = YES;
				CLANG_WARN_COMMA = YES;
				CLANG_WARN_CONSTANT_CONVERSION = YES;
				CLANG_WARN_DEPRECATED_OBJC_IMPLEMENTATIONS = YES;
				CLANG_WARN_DIRECT_OBJC_ISA_USAGE = YES_ERROR;
				CLANG_WARN_DOCUMENTATION_COMMENTS = YES;
				CLANG_WARN_EMPTY_BODY = YES;
				CLANG_WARN_ENUM_CONVERSION = YES;
				CLANG_WARN_INFINITE_RECURSION = YES;
				CLANG_WARN_INT_CONVERSION = YES;
				CLANG_WARN_NON_LITERAL_NULL_CONVERSION = YES;
				CLANG_WARN_OBJC_IMPLICIT_RETAIN_SELF = YES;
				CLANG_WARN_OBJC_LITERAL_CONVERSION = YES;
				CLANG_WARN_OBJC_ROOT_CLASS = YES_ERROR;
				CLANG_WARN_QUOTED_INCLUDE_IN_FRAMEWORK_HEADER = YES;
				CLANG_WARN_RANGE_LOOP_ANALYSIS = YES;
				CLANG_WARN_STRICT_PROTOTYPES = YES;
				CLANG_WARN_SUSPICIOUS_MOVE = YES;
				CLANG_WARN_UNGUARDED_AVAILABILITY = YES_AGGRESSIVE;
				CLANG_WARN_UNREACHABLE_CODE = YES;
				CLANG_WARN__DUPLICATE_METHOD_MATCH = YES;
				COPY_PHASE_STRIP = NO;
				DEBUG_INFORMATION_FORMAT = dwarf;
				ENABLE_STRICT_OBJC_MSGSEND = YES;
				ENABLE_TESTABILITY = YES;
				GCC_C_LANGUAGE_STANDARD = gnu11;
				GCC_DYNAMIC_NO_PIC = NO;
				GCC_NO_COMMON_BLOCKS = YES;
				GCC_OPTIMIZATION_LEVEL = 0;
				GCC_PREPROCESSOR_DEFINITIONS = (
					"DEBUG=1",
					"$(inherited)",
				);
				GCC_WARN_64_TO_32_BIT_CONVERSION = YES;
				GCC_WARN_ABOUT_RETURN_TYPE = YES_ERROR;
				GCC_WARN_UNDECLARED_SELECTOR = YES;
				GCC_WARN_UNINITIALIZED_AUTOS = YES_AGGRESSIVE;
				GCC_WARN_UNUSED_FUNCTION = YES;
				GCC_WARN_UNUSED_VARIABLE = YES;
				IPHONEOS_DEPLOYMENT_TARGET = 16.2;
				MTL_ENABLE_DEBUG_INFO = INCLUDE_SOURCE;
				MTL_FAST_MATH = YES;
				ONLY_ACTIVE_ARCH = YES;
				SDKROOT = iphoneos;
				SWIFT_ACTIVE_COMPILATION_CONDITIONS = DEBUG;
				SWIFT_OPTIMIZATION_LEVEL = "-Onone";
			};
			name = Debug;
		};
		3B40608029BF787F0041D9C8 /* Release */ = {
			isa = XCBuildConfiguration;
			buildSettings = {
				ALWAYS_SEARCH_USER_PATHS = NO;
				CLANG_ANALYZER_NONNULL = YES;
				CLANG_ANALYZER_NUMBER_OBJECT_CONVERSION = YES_AGGRESSIVE;
				CLANG_CXX_LANGUAGE_STANDARD = "gnu++20";
				CLANG_ENABLE_MODULES = YES;
				CLANG_ENABLE_OBJC_ARC = YES;
				CLANG_ENABLE_OBJC_WEAK = YES;
				CLANG_WARN_BLOCK_CAPTURE_AUTORELEASING = YES;
				CLANG_WARN_BOOL_CONVERSION = YES;
				CLANG_WARN_COMMA = YES;
				CLANG_WARN_CONSTANT_CONVERSION = YES;
				CLANG_WARN_DEPRECATED_OBJC_IMPLEMENTATIONS = YES;
				CLANG_WARN_DIRECT_OBJC_ISA_USAGE = YES_ERROR;
				CLANG_WARN_DOCUMENTATION_COMMENTS = YES;
				CLANG_WARN_EMPTY_BODY = YES;
				CLANG_WARN_ENUM_CONVERSION = YES;
				CLANG_WARN_INFINITE_RECURSION = YES;
				CLANG_WARN_INT_CONVERSION = YES;
				CLANG_WARN_NON_LITERAL_NULL_CONVERSION = YES;
				CLANG_WARN_OBJC_IMPLICIT_RETAIN_SELF = YES;
				CLANG_WARN_OBJC_LITERAL_CONVERSION = YES;
				CLANG_WARN_OBJC_ROOT_CLASS = YES_ERROR;
				CLANG_WARN_QUOTED_INCLUDE_IN_FRAMEWORK_HEADER = YES;
				CLANG_WARN_RANGE_LOOP_ANALYSIS = YES;
				CLANG_WARN_STRICT_PROTOTYPES = YES;
				CLANG_WARN_SUSPICIOUS_MOVE = YES;
				CLANG_WARN_UNGUARDED_AVAILABILITY = YES_AGGRESSIVE;
				CLANG_WARN_UNREACHABLE_CODE = YES;
				CLANG_WARN__DUPLICATE_METHOD_MATCH = YES;
				COPY_PHASE_STRIP = NO;
				DEBUG_INFORMATION_FORMAT = "dwarf-with-dsym";
				ENABLE_NS_ASSERTIONS = NO;
				ENABLE_STRICT_OBJC_MSGSEND = YES;
				GCC_C_LANGUAGE_STANDARD = gnu11;
				GCC_NO_COMMON_BLOCKS = YES;
				GCC_WARN_64_TO_32_BIT_CONVERSION = YES;
				GCC_WARN_ABOUT_RETURN_TYPE = YES_ERROR;
				GCC_WARN_UNDECLARED_SELECTOR = YES;
				GCC_WARN_UNINITIALIZED_AUTOS = YES_AGGRESSIVE;
				GCC_WARN_UNUSED_FUNCTION = YES;
				GCC_WARN_UNUSED_VARIABLE = YES;
				IPHONEOS_DEPLOYMENT_TARGET = 16.2;
				MTL_ENABLE_DEBUG_INFO = NO;
				MTL_FAST_MATH = YES;
				SDKROOT = iphoneos;
				SWIFT_COMPILATION_MODE = wholemodule;
				SWIFT_OPTIMIZATION_LEVEL = "-O";
				VALIDATE_PRODUCT = YES;
			};
			name = Release;
		};
		3B40608229BF787F0041D9C8 /* Debug */ = {
			isa = XCBuildConfiguration;
			buildSettings = {
				ASSETCATALOG_COMPILER_APPICON_NAME = AppIcon;
				ASSETCATALOG_COMPILER_GLOBAL_ACCENT_COLOR_NAME = AccentColor;
				CODE_SIGN_STYLE = Automatic;
				CURRENT_PROJECT_VERSION = 1;
				DEVELOPMENT_TEAM = 4XJCSLLDX4;
				GENERATE_INFOPLIST_FILE = YES;
				INFOPLIST_FILE = "weather app/Info.plist";
				INFOPLIST_KEY_UIApplicationSupportsIndirectInputEvents = YES;
				INFOPLIST_KEY_UILaunchStoryboardName = LaunchScreen;
				INFOPLIST_KEY_UIMainStoryboardFile = Main;
				INFOPLIST_KEY_UISupportedInterfaceOrientations_iPad = "UIInterfaceOrientationPortrait UIInterfaceOrientationPortraitUpsideDown UIInterfaceOrientationLandscapeLeft UIInterfaceOrientationLandscapeRight";
				INFOPLIST_KEY_UISupportedInterfaceOrientations_iPhone = "UIInterfaceOrientationPortrait UIInterfaceOrientationLandscapeLeft UIInterfaceOrientationLandscapeRight";
				LD_RUNPATH_SEARCH_PATHS = (
					"$(inherited)",
					"@executable_path/Frameworks",
				);
				MARKETING_VERSION = 1.0;
				PRODUCT_BUNDLE_IDENTIFIER = "-.weather-app";
				PRODUCT_NAME = "$(TARGET_NAME)";
				SWIFT_EMIT_LOC_STRINGS = YES;
				SWIFT_VERSION = 5.0;
				TARGETED_DEVICE_FAMILY = "1,2";
			};
			name = Debug;
		};
		3B40608329BF787F0041D9C8 /* Release */ = {
			isa = XCBuildConfiguration;
			buildSettings = {
				ASSETCATALOG_COMPILER_APPICON_NAME = AppIcon;
				ASSETCATALOG_COMPILER_GLOBAL_ACCENT_COLOR_NAME = AccentColor;
				CODE_SIGN_STYLE = Automatic;
				CURRENT_PROJECT_VERSION = 1;
				DEVELOPMENT_TEAM = 4XJCSLLDX4;
				GENERATE_INFOPLIST_FILE = YES;
				INFOPLIST_FILE = "weather app/Info.plist";
				INFOPLIST_KEY_UIApplicationSupportsIndirectInputEvents = YES;
				INFOPLIST_KEY_UILaunchStoryboardName = LaunchScreen;
				INFOPLIST_KEY_UIMainStoryboardFile = Main;
				INFOPLIST_KEY_UISupportedInterfaceOrientations_iPad = "UIInterfaceOrientationPortrait UIInterfaceOrientationPortraitUpsideDown UIInterfaceOrientationLandscapeLeft UIInterfaceOrientationLandscapeRight";
				INFOPLIST_KEY_UISupportedInterfaceOrientations_iPhone = "UIInterfaceOrientationPortrait UIInterfaceOrientationLandscapeLeft UIInterfaceOrientationLandscapeRight";
				LD_RUNPATH_SEARCH_PATHS = (
					"$(inherited)",
					"@executable_path/Frameworks",
				);
				MARKETING_VERSION = 1.0;
				PRODUCT_BUNDLE_IDENTIFIER = "-.weather-app";
				PRODUCT_NAME = "$(TARGET_NAME)";
				SWIFT_EMIT_LOC_STRINGS = YES;
				SWIFT_VERSION = 5.0;
				TARGETED_DEVICE_FAMILY = "1,2";
			};
			name = Release;
		};
/* End XCBuildConfiguration section */

/* Begin XCConfigurationList section */
		3B40606829BF787D0041D9C8 /* Build configuration list for PBXProject "weather app" */ = {
			isa = XCConfigurationList;
			buildConfigurations = (
				3B40607F29BF787F0041D9C8 /* Debug */,
				3B40608029BF787F0041D9C8 /* Release */,
			);
			defaultConfigurationIsVisible = 0;
			defaultConfigurationName = Release;
		};
		3B40608129BF787F0041D9C8 /* Build configuration list for PBXNativeTarget "weather app" */ = {
			isa = XCConfigurationList;
			buildConfigurations = (
				3B40608229BF787F0041D9C8 /* Debug */,
				3B40608329BF787F0041D9C8 /* Release */,
			);
			defaultConfigurationIsVisible = 0;
			defaultConfigurationName = Release;
		};
/* End XCConfigurationList section */
	};
	rootObject = 3B40606529BF787D0041D9C8 /* Project object */;
}
